
Microsoft Visual Studio Solution File, Format Version 12.00
# Visual Studio Version 16
VisualStudioVersion = 16.0.31019.35
MinimumVisualStudioVersion = 10.0.40219.1
Project("{FAE04EC0-301F-11D3-BF4B-00C04F79EFBC}") = "AddressApi", "AddressApi\AddressApi.csproj", "{DD016CAB-3CE2-4FA5-90F7-438C658F3C7F}"
EndProject
Global
	GlobalSection(SolutionConfigurationPlatforms) = preSolution
		Debug|Any CPU = Debug|Any CPU
		Release|Any CPU = Release|Any CPU
	EndGlobalSection
	GlobalSection(ProjectConfigurationPlatforms) = postSolution
		{DD016CAB-3CE2-4FA5-90F7-438C658F3C7F}.Debug|Any CPU.ActiveCfg = Debug|Any CPU
		{DD016CAB-3CE2-4FA5-90F7-438C658F3C7F}.Debug|Any CPU.Build.0 = Debug|Any CPU
		{DD016CAB-3CE2-4FA5-90F7-438C658F3C7F}.Release|Any CPU.ActiveCfg = Release|Any CPU
		{DD016CAB-3CE2-4FA5-90F7-438C658F3C7F}.Release|Any CPU.Build.0 = Release|Any CPU
	EndGlobalSection
	GlobalSection(SolutionProperties) = preSolution
		HideSolutionNode = FALSE
	EndGlobalSection
	GlobalSection(ExtensibilityGlobals) = postSolution
		SolutionGuid = {81E79E56-5844-4983-91B9-2A72CAE5B9D6}
	EndGlobalSection
EndGlobal
